// !$*UTF8*$!
{
	archiveVersion = 1;
	classes = {
	};
	objectVersion = 48;
	objects = {

/* Begin PBXBuildFile section */
		545F2AB41FEC2752007EBECB /* AppDelegate.swift in Sources */ = {isa = PBXBuildFile; fileRef = 545F2AB31FEC2752007EBECB /* AppDelegate.swift */; };
		545F2AB61FEC2752007EBECB /* BlackJackViewController.swift in Sources */ = {isa = PBXBuildFile; fileRef = 545F2AB51FEC2752007EBECB /* BlackJackViewController.swift */; };
		545F2AB91FEC2752007EBECB /* Main.storyboard in Resources */ = {isa = PBXBuildFile; fileRef = 545F2AB71FEC2752007EBECB /* Main.storyboard */; };
		545F2ABB1FEC2752007EBECB /* Assets.xcassets in Resources */ = {isa = PBXBuildFile; fileRef = 545F2ABA1FEC2752007EBECB /* Assets.xcassets */; };
		545F2ABE1FEC2752007EBECB /* LaunchScreen.storyboard in Resources */ = {isa = PBXBuildFile; fileRef = 545F2ABC1FEC2752007EBECB /* LaunchScreen.storyboard */; };
		817A38F91FED5E6D0001BB61 /* RecentsViewController.swift in Sources */ = {isa = PBXBuildFile; fileRef = 817A38F81FED5E6D0001BB61 /* RecentsViewController.swift */; };
		817A38FB1FED5EDC0001BB61 /* CollectionViewCell.xib in Resources */ = {isa = PBXBuildFile; fileRef = 817A38FA1FED5EDC0001BB61 /* CollectionViewCell.xib */; };
		817A38FF1FED6AFC0001BB61 /* NetworkHelper.swift in Sources */ = {isa = PBXBuildFile; fileRef = 817A38FE1FED6AFC0001BB61 /* NetworkHelper.swift */; };
		817A39011FED6B140001BB61 /* CardAPIClient.swift in Sources */ = {isa = PBXBuildFile; fileRef = 817A39001FED6B140001BB61 /* CardAPIClient.swift */; };
		817A39031FED6B230001BB61 /* ImageAPIClient.swift in Sources */ = {isa = PBXBuildFile; fileRef = 817A39021FED6B230001BB61 /* ImageAPIClient.swift */; };
		817A39051FED6B810001BB61 /* DeckIdentityAPIClient.swift in Sources */ = {isa = PBXBuildFile; fileRef = 817A39041FED6B810001BB61 /* DeckIdentityAPIClient.swift */; };
		817A39071FED6CC00001BB61 /* AppError.swift in Sources */ = {isa = PBXBuildFile; fileRef = 817A39061FED6CC00001BB61 /* AppError.swift */; };
		817A390B1FED778B0001BB61 /* CardCollectionViewCell.swift in Sources */ = {isa = PBXBuildFile; fileRef = 817A390A1FED778B0001BB61 /* CardCollectionViewCell.swift */; };
		817A390D1FED7A970001BB61 /* CardsCollectionViewCell.swift in Sources */ = {isa = PBXBuildFile; fileRef = 817A390C1FED7A970001BB61 /* CardsCollectionViewCell.swift */; };
		81C6ACA11FED896D009FD496 /* RecentGamesTableViewCell.swift in Sources */ = {isa = PBXBuildFile; fileRef = 81C6ACA01FED896D009FD496 /* RecentGamesTableViewCell.swift */; };
		81C6ACA31FED8ECF009FD496 /* RecentsCardCollectionViewCell.swift in Sources */ = {isa = PBXBuildFile; fileRef = 81C6ACA21FED8ECF009FD496 /* RecentsCardCollectionViewCell.swift */; };
/* End PBXBuildFile section */

/* Begin PBXFileReference section */
		545F2AB01FEC2752007EBECB /* AC-iOS-MidUnit4Assessment-StudentVersion.app */ = {isa = PBXFileReference; explicitFileType = wrapper.application; includeInIndex = 0; path = "AC-iOS-MidUnit4Assessment-StudentVersion.app"; sourceTree = BUILT_PRODUCTS_DIR; };
		545F2AB31FEC2752007EBECB /* AppDelegate.swift */ = {isa = PBXFileReference; lastKnownFileType = sourcecode.swift; path = AppDelegate.swift; sourceTree = "<group>"; };
		545F2AB51FEC2752007EBECB /* BlackJackViewController.swift */ = {isa = PBXFileReference; lastKnownFileType = sourcecode.swift; path = BlackJackViewController.swift; sourceTree = "<group>"; };
		545F2AB81FEC2752007EBECB /* Base */ = {isa = PBXFileReference; lastKnownFileType = file.storyboard; name = Base; path = Base.lproj/Main.storyboard; sourceTree = "<group>"; };
		545F2ABA1FEC2752007EBECB /* Assets.xcassets */ = {isa = PBXFileReference; lastKnownFileType = folder.assetcatalog; path = Assets.xcassets; sourceTree = "<group>"; };
		545F2ABD1FEC2752007EBECB /* Base */ = {isa = PBXFileReference; lastKnownFileType = file.storyboard; name = Base; path = Base.lproj/LaunchScreen.storyboard; sourceTree = "<group>"; };
		545F2ABF1FEC2752007EBECB /* Info.plist */ = {isa = PBXFileReference; lastKnownFileType = text.plist.xml; path = Info.plist; sourceTree = "<group>"; };
		817A38F81FED5E6D0001BB61 /* RecentsViewController.swift */ = {isa = PBXFileReference; lastKnownFileType = sourcecode.swift; path = RecentsViewController.swift; sourceTree = "<group>"; };
		817A38FA1FED5EDC0001BB61 /* CollectionViewCell.xib */ = {isa = PBXFileReference; lastKnownFileType = file.xib; path = CollectionViewCell.xib; sourceTree = "<group>"; };
		817A38FE1FED6AFC0001BB61 /* NetworkHelper.swift */ = {isa = PBXFileReference; lastKnownFileType = sourcecode.swift; path = NetworkHelper.swift; sourceTree = "<group>"; };
		817A39001FED6B140001BB61 /* CardAPIClient.swift */ = {isa = PBXFileReference; lastKnownFileType = sourcecode.swift; path = CardAPIClient.swift; sourceTree = "<group>"; };
		817A39021FED6B230001BB61 /* ImageAPIClient.swift */ = {isa = PBXFileReference; lastKnownFileType = sourcecode.swift; path = ImageAPIClient.swift; sourceTree = "<group>"; };
		817A39041FED6B810001BB61 /* DeckIdentityAPIClient.swift */ = {isa = PBXFileReference; lastKnownFileType = sourcecode.swift; path = DeckIdentityAPIClient.swift; sourceTree = "<group>"; };
		817A39061FED6CC00001BB61 /* AppError.swift */ = {isa = PBXFileReference; lastKnownFileType = sourcecode.swift; path = AppError.swift; sourceTree = "<group>"; };
		817A390A1FED778B0001BB61 /* CardCollectionViewCell.swift */ = {isa = PBXFileReference; lastKnownFileType = sourcecode.swift; path = CardCollectionViewCell.swift; sourceTree = "<group>"; };
		817A390C1FED7A970001BB61 /* CardsCollectionViewCell.swift */ = {isa = PBXFileReference; lastKnownFileType = sourcecode.swift; path = CardsCollectionViewCell.swift; sourceTree = "<group>"; };
		81C6ACA01FED896D009FD496 /* RecentGamesTableViewCell.swift */ = {isa = PBXFileReference; lastKnownFileType = sourcecode.swift; path = RecentGamesTableViewCell.swift; sourceTree = "<group>"; };
		81C6ACA21FED8ECF009FD496 /* RecentsCardCollectionViewCell.swift */ = {isa = PBXFileReference; lastKnownFileType = sourcecode.swift; path = RecentsCardCollectionViewCell.swift; sourceTree = "<group>"; };
/* End PBXFileReference section */

/* Begin PBXFrameworksBuildPhase section */
		545F2AAD1FEC2752007EBECB /* Frameworks */ = {
			isa = PBXFrameworksBuildPhase;
			buildActionMask = 2147483647;
			files = (
			);
			runOnlyForDeploymentPostprocessing = 0;
		};
/* End PBXFrameworksBuildPhase section */

/* Begin PBXGroup section */
		545F2AA71FEC2752007EBECB = {
			isa = PBXGroup;
			children = (
				545F2AB21FEC2752007EBECB /* AC-iOS-MidUnit4Assessment-StudentVersion */,
				545F2AB11FEC2752007EBECB /* Products */,
			);
			sourceTree = "<group>";
		};
		545F2AB11FEC2752007EBECB /* Products */ = {
			isa = PBXGroup;
			children = (
				545F2AB01FEC2752007EBECB /* AC-iOS-MidUnit4Assessment-StudentVersion.app */,
			);
			name = Products;
			sourceTree = "<group>";
		};
		545F2AB21FEC2752007EBECB /* AC-iOS-MidUnit4Assessment-StudentVersion */ = {
			isa = PBXGroup;
			children = (
				545F2AB71FEC2752007EBECB /* Main.storyboard */,
				817A38F31FED5E0D0001BB61 /* View Controllers */,
				817A38F51FED5E320001BB61 /* Network Models */,
				817A38F41FED5E1E0001BB61 /* Views */,
				817A38F21FED5D520001BB61 /* Supporting Files */,
				545F2ABF1FEC2752007EBECB /* Info.plist */,
			);
			path = "AC-iOS-MidUnit4Assessment-StudentVersion";
			sourceTree = "<group>";
		};
		817A38F21FED5D520001BB61 /* Supporting Files */ = {
			isa = PBXGroup;
			children = (
				545F2AB31FEC2752007EBECB /* AppDelegate.swift */,
				545F2ABA1FEC2752007EBECB /* Assets.xcassets */,
				545F2ABC1FEC2752007EBECB /* LaunchScreen.storyboard */,
			);
			path = "Supporting Files";
			sourceTree = "<group>";
		};
		817A38F31FED5E0D0001BB61 /* View Controllers */ = {
			isa = PBXGroup;
			children = (
				545F2AB51FEC2752007EBECB /* BlackJackViewController.swift */,
				817A38F81FED5E6D0001BB61 /* RecentsViewController.swift */,
			);
			path = "View Controllers";
			sourceTree = "<group>";
		};
		817A38F41FED5E1E0001BB61 /* Views */ = {
			isa = PBXGroup;
			children = (
				817A38FA1FED5EDC0001BB61 /* CollectionViewCell.xib */,
				817A390A1FED778B0001BB61 /* CardCollectionViewCell.swift */,
				817A390C1FED7A970001BB61 /* CardsCollectionViewCell.swift */,
				81C6ACA01FED896D009FD496 /* RecentGamesTableViewCell.swift */,
				81C6ACA21FED8ECF009FD496 /* RecentsCardCollectionViewCell.swift */,
			);
			path = Views;
			sourceTree = "<group>";
		};
		817A38F51FED5E320001BB61 /* Network Models */ = {
			isa = PBXGroup;
			children = (
				817A38FE1FED6AFC0001BB61 /* NetworkHelper.swift */,
				817A39041FED6B810001BB61 /* DeckIdentityAPIClient.swift */,
				817A39001FED6B140001BB61 /* CardAPIClient.swift */,
				817A39021FED6B230001BB61 /* ImageAPIClient.swift */,
				817A39061FED6CC00001BB61 /* AppError.swift */,
			);
			path = "Network Models";
			sourceTree = "<group>";
		};
/* End PBXGroup section */

/* Begin PBXNativeTarget section */
		545F2AAF1FEC2752007EBECB /* AC-iOS-MidUnit4Assessment-StudentVersion */ = {
			isa = PBXNativeTarget;
			buildConfigurationList = 545F2AC21FEC2752007EBECB /* Build configuration list for PBXNativeTarget "AC-iOS-MidUnit4Assessment-StudentVersion" */;
			buildPhases = (
				545F2AAC1FEC2752007EBECB /* Sources */,
				545F2AAD1FEC2752007EBECB /* Frameworks */,
				545F2AAE1FEC2752007EBECB /* Resources */,
			);
			buildRules = (
			);
			dependencies = (
			);
			name = "AC-iOS-MidUnit4Assessment-StudentVersion";
			productName = "AC-iOS-MidUnit4Assessment-StudentVersion";
			productReference = 545F2AB01FEC2752007EBECB /* AC-iOS-MidUnit4Assessment-StudentVersion.app */;
			productType = "com.apple.product-type.application";
		};
/* End PBXNativeTarget section */

/* Begin PBXProject section */
		545F2AA81FEC2752007EBECB /* Project object */ = {
			isa = PBXProject;
			attributes = {
				LastSwiftUpdateCheck = 0920;
				LastUpgradeCheck = 0920;
				ORGANIZATIONNAME = "C4Q ";
				TargetAttributes = {
					545F2AAF1FEC2752007EBECB = {
						CreatedOnToolsVersion = 9.2;
						ProvisioningStyle = Automatic;
					};
				};
			};
			buildConfigurationList = 545F2AAB1FEC2752007EBECB /* Build configuration list for PBXProject "AC-iOS-MidUnit4Assessment-StudentVersion" */;
			compatibilityVersion = "Xcode 8.0";
			developmentRegion = en;
			hasScannedForEncodings = 0;
			knownRegions = (
				en,
				Base,
			);
			mainGroup = 545F2AA71FEC2752007EBECB;
			productRefGroup = 545F2AB11FEC2752007EBECB /* Products */;
			projectDirPath = "";
			projectRoot = "";
			targets = (
				545F2AAF1FEC2752007EBECB /* AC-iOS-MidUnit4Assessment-StudentVersion */,
			);
		};
/* End PBXProject section */

/* Begin PBXResourcesBuildPhase section */
		545F2AAE1FEC2752007EBECB /* Resources */ = {
			isa = PBXResourcesBuildPhase;
			buildActionMask = 2147483647;
			files = (
				545F2ABE1FEC2752007EBECB /* LaunchScreen.storyboard in Resources */,
				545F2ABB1FEC2752007EBECB /* Assets.xcassets in Resources */,
				817A38FB1FED5EDC0001BB61 /* CollectionViewCell.xib in Resources */,
				545F2AB91FEC2752007EBECB /* Main.storyboard in Resources */,
			);
			runOnlyForDeploymentPostprocessing = 0;
		};
/* End PBXResourcesBuildPhase section */

/* Begin PBXSourcesBuildPhase section */
		545F2AAC1FEC2752007EBECB /* Sources */ = {
			isa = PBXSourcesBuildPhase;
			buildActionMask = 2147483647;
			files = (
				817A390D1FED7A970001BB61 /* CardsCollectionViewCell.swift in Sources */,
				817A38F91FED5E6D0001BB61 /* RecentsViewController.swift in Sources */,
				545F2AB61FEC2752007EBECB /* BlackJackViewController.swift in Sources */,
				817A39071FED6CC00001BB61 /* AppError.swift in Sources */,
				817A38FF1FED6AFC0001BB61 /* NetworkHelper.swift in Sources */,
				81C6ACA11FED896D009FD496 /* RecentGamesTableViewCell.swift in Sources */,
				817A39051FED6B810001BB61 /* DeckIdentityAPIClient.swift in Sources */,
				81C6ACA31FED8ECF009FD496 /* RecentsCardCollectionViewCell.swift in Sources */,
				817A39031FED6B230001BB61 /* ImageAPIClient.swift in Sources */,
				545F2AB41FEC2752007EBECB /* AppDelegate.swift in Sources */,
				817A390B1FED778B0001BB61 /* CardCollectionViewCell.swift in Sources */,
				817A39011FED6B140001BB61 /* CardAPIClient.swift in Sources */,
			);
			runOnlyForDeploymentPostprocessing = 0;
		};
/* End PBXSourcesBuildPhase section */

/* Begin PBXVariantGroup section */
		545F2AB71FEC2752007EBECB /* Main.storyboard */ = {
			isa = PBXVariantGroup;
			children = (
				545F2AB81FEC2752007EBECB /* Base */,
			);
			name = Main.storyboard;
			sourceTree = "<group>";
		};
		545F2ABC1FEC2752007EBECB /* LaunchScreen.storyboard */ = {
			isa = PBXVariantGroup;
			children = (
				545F2ABD1FEC2752007EBECB /* Base */,
			);
			name = LaunchScreen.storyboard;
			sourceTree = "<group>";
		};
/* End PBXVariantGroup section */

/* Begin XCBuildConfiguration section */
		545F2AC01FEC2752007EBECB /* Debug */ = {
			isa = XCBuildConfiguration;
			buildSettings = {
				ALWAYS_SEARCH_USER_PATHS = NO;
				CLANG_ANALYZER_NONNULL = YES;
				CLANG_ANALYZER_NUMBER_OBJECT_CONVERSION = YES_AGGRESSIVE;
				CLANG_CXX_LANGUAGE_STANDARD = "gnu++14";
				CLANG_CXX_LIBRARY = "libc++";
				CLANG_ENABLE_MODULES = YES;
				CLANG_ENABLE_OBJC_ARC = YES;
				CLANG_WARN_BLOCK_CAPTURE_AUTORELEASING = YES;
				CLANG_WARN_BOOL_CONVERSION = YES;
				CLANG_WARN_COMMA = YES;
				CLANG_WARN_CONSTANT_CONVERSION = YES;
				CLANG_WARN_DIRECT_OBJC_ISA_USAGE = YES_ERROR;
				CLANG_WARN_DOCUMENTATION_COMMENTS = YES;
				CLANG_WARN_EMPTY_BODY = YES;
				CLANG_WARN_ENUM_CONVERSION = YES;
				CLANG_WARN_INFINITE_RECURSION = YES;
				CLANG_WARN_INT_CONVERSION = YES;
				CLANG_WARN_NON_LITERAL_NULL_CONVERSION = YES;
				CLANG_WARN_OBJC_LITERAL_CONVERSION = YES;
				CLANG_WARN_OBJC_ROOT_CLASS = YES_ERROR;
				CLANG_WARN_RANGE_LOOP_ANALYSIS = YES;
				CLANG_WARN_STRICT_PROTOTYPES = YES;
				CLANG_WARN_SUSPICIOUS_MOVE = YES;
				CLANG_WARN_UNGUARDED_AVAILABILITY = YES_AGGRESSIVE;
				CLANG_WARN_UNREACHABLE_CODE = YES;
				CLANG_WARN__DUPLICATE_METHOD_MATCH = YES;
				CODE_SIGN_IDENTITY = "iPhone Developer";
				COPY_PHASE_STRIP = NO;
				DEBUG_INFORMATION_FORMAT = dwarf;
				ENABLE_STRICT_OBJC_MSGSEND = YES;
				ENABLE_TESTABILITY = YES;
				GCC_C_LANGUAGE_STANDARD = gnu11;
				GCC_DYNAMIC_NO_PIC = NO;
				GCC_NO_COMMON_BLOCKS = YES;
				GCC_OPTIMIZATION_LEVEL = 0;
				GCC_PREPROCESSOR_DEFINITIONS = (
					"DEBUG=1",
					"$(inherited)",
				);
				GCC_WARN_64_TO_32_BIT_CONVERSION = YES;
				GCC_WARN_ABOUT_RETURN_TYPE = YES_ERROR;
				GCC_WARN_UNDECLARED_SELECTOR = YES;
				GCC_WARN_UNINITIALIZED_AUTOS = YES_AGGRESSIVE;
				GCC_WARN_UNUSED_FUNCTION = YES;
				GCC_WARN_UNUSED_VARIABLE = YES;
				IPHONEOS_DEPLOYMENT_TARGET = 11.2;
				MTL_ENABLE_DEBUG_INFO = YES;
				ONLY_ACTIVE_ARCH = YES;
				SDKROOT = iphoneos;
				SWIFT_ACTIVE_COMPILATION_CONDITIONS = DEBUG;
				SWIFT_OPTIMIZATION_LEVEL = "-Onone";
			};
			name = Debug;
		};
		545F2AC11FEC2752007EBECB /* Release */ = {
			isa = XCBuildConfiguration;
			buildSettings = {
				ALWAYS_SEARCH_USER_PATHS = NO;
				CLANG_ANALYZER_NONNULL = YES;
				CLANG_ANALYZER_NUMBER_OBJECT_CONVERSION = YES_AGGRESSIVE;
				CLANG_CXX_LANGUAGE_STANDARD = "gnu++14";
				CLANG_CXX_LIBRARY = "libc++";
				CLANG_ENABLE_MODULES = YES;
				CLANG_ENABLE_OBJC_ARC = YES;
				CLANG_WARN_BLOCK_CAPTURE_AUTORELEASING = YES;
				CLANG_WARN_BOOL_CONVERSION = YES;
				CLANG_WARN_COMMA = YES;
				CLANG_WARN_CONSTANT_CONVERSION = YES;
				CLANG_WARN_DIRECT_OBJC_ISA_USAGE = YES_ERROR;
				CLANG_WARN_DOCUMENTATION_COMMENTS = YES;
				CLANG_WARN_EMPTY_BODY = YES;
				CLANG_WARN_ENUM_CONVERSION = YES;
				CLANG_WARN_INFINITE_RECURSION = YES;
				CLANG_WARN_INT_CONVERSION = YES;
				CLANG_WARN_NON_LITERAL_NULL_CONVERSION = YES;
				CLANG_WARN_OBJC_LITERAL_CONVERSION = YES;
				CLANG_WARN_OBJC_ROOT_CLASS = YES_ERROR;
				CLANG_WARN_RANGE_LOOP_ANALYSIS = YES;
				CLANG_WARN_STRICT_PROTOTYPES = YES;
				CLANG_WARN_SUSPICIOUS_MOVE = YES;
				CLANG_WARN_UNGUARDED_AVAILABILITY = YES_AGGRESSIVE;
				CLANG_WARN_UNREACHABLE_CODE = YES;
				CLANG_WARN__DUPLICATE_METHOD_MATCH = YES;
				CODE_SIGN_IDENTITY = "iPhone Developer";
				COPY_PHASE_STRIP = NO;
				DEBUG_INFORMATION_FORMAT = "dwarf-with-dsym";
				ENABLE_NS_ASSERTIONS = NO;
				ENABLE_STRICT_OBJC_MSGSEND = YES;
				GCC_C_LANGUAGE_STANDARD = gnu11;
				GCC_NO_COMMON_BLOCKS = YES;
				GCC_WARN_64_TO_32_BIT_CONVERSION = YES;
				GCC_WARN_ABOUT_RETURN_TYPE = YES_ERROR;
				GCC_WARN_UNDECLARED_SELECTOR = YES;
				GCC_WARN_UNINITIALIZED_AUTOS = YES_AGGRESSIVE;
				GCC_WARN_UNUSED_FUNCTION = YES;
				GCC_WARN_UNUSED_VARIABLE = YES;
				IPHONEOS_DEPLOYMENT_TARGET = 11.2;
				MTL_ENABLE_DEBUG_INFO = NO;
				SDKROOT = iphoneos;
				SWIFT_OPTIMIZATION_LEVEL = "-Owholemodule";
				VALIDATE_PRODUCT = YES;
			};
			name = Release;
		};
		545F2AC31FEC2752007EBECB /* Debug */ = {
			isa = XCBuildConfiguration;
			buildSettings = {
				ASSETCATALOG_COMPILER_APPICON_NAME = AppIcon;
				CODE_SIGN_STYLE = Automatic;
				INFOPLIST_FILE = "AC-iOS-MidUnit4Assessment-StudentVersion/Info.plist";
				IPHONEOS_DEPLOYMENT_TARGET = 11.0;
				LD_RUNPATH_SEARCH_PATHS = "$(inherited) @executable_path/Frameworks";
				PRODUCT_BUNDLE_IDENTIFIER = "c4q.AC-iOS-MidUnit4Assessment-StudentVersion";
				PRODUCT_NAME = "$(TARGET_NAME)";
				SWIFT_VERSION = 4.0;
				TARGETED_DEVICE_FAMILY = "1,2";
			};
			name = Debug;
		};
		545F2AC41FEC2752007EBECB /* Release */ = {
			isa = XCBuildConfiguration;
			buildSettings = {
				ASSETCATALOG_COMPILER_APPICON_NAME = AppIcon;
				CODE_SIGN_STYLE = Automatic;
				INFOPLIST_FILE = "AC-iOS-MidUnit4Assessment-StudentVersion/Info.plist";
				IPHONEOS_DEPLOYMENT_TARGET = 11.0;
				LD_RUNPATH_SEARCH_PATHS = "$(inherited) @executable_path/Frameworks";
				PRODUCT_BUNDLE_IDENTIFIER = "c4q.AC-iOS-MidUnit4Assessment-StudentVersion";
				PRODUCT_NAME = "$(TARGET_NAME)";
				SWIFT_VERSION = 4.0;
				TARGETED_DEVICE_FAMILY = "1,2";
			};
			name = Release;
		};
/* End XCBuildConfiguration section */

/* Begin XCConfigurationList section */
		545F2AAB1FEC2752007EBECB /* Build configuration list for PBXProject "AC-iOS-MidUnit4Assessment-StudentVersion" */ = {
			isa = XCConfigurationList;
			buildConfigurations = (
				545F2AC01FEC2752007EBECB /* Debug */,
				545F2AC11FEC2752007EBECB /* Release */,
			);
			defaultConfigurationIsVisible = 0;
			defaultConfigurationName = Release;
		};
		545F2AC21FEC2752007EBECB /* Build configuration list for PBXNativeTarget "AC-iOS-MidUnit4Assessment-StudentVersion" */ = {
			isa = XCConfigurationList;
			buildConfigurations = (
				545F2AC31FEC2752007EBECB /* Debug */,
				545F2AC41FEC2752007EBECB /* Release */,
			);
			defaultConfigurationIsVisible = 0;
			defaultConfigurationName = Release;
		};
/* End XCConfigurationList section */
	};
	rootObject = 545F2AA81FEC2752007EBECB /* Project object */;
}
