// !$*UTF8*$!
{
	archiveVersion = 1;
	classes = {
	};
	objectVersion = 48;
	objects = {

/* Begin PBXBuildFile section */
		545F2AB41FEC2752007EBECB /* AppDelegate.swift in Sources */ = {isa = PBXBuildFile; fileRef = 545F2AB31FEC2752007EBECB /* AppDelegate.swift */; };
		545F2AB91FEC2752007EBECB /* Main.storyboard in Resources */ = {isa = PBXBuildFile; fileRef = 545F2AB71FEC2752007EBECB /* Main.storyboard */; };
		545F2ABB1FEC2752007EBECB /* Assets.xcassets in Resources */ = {isa = PBXBuildFile; fileRef = 545F2ABA1FEC2752007EBECB /* Assets.xcassets */; };
		545F2ABE1FEC2752007EBECB /* LaunchScreen.storyboard in Resources */ = {isa = PBXBuildFile; fileRef = 545F2ABC1FEC2752007EBECB /* LaunchScreen.storyboard */; };
		8124C3B51FEDDBD800562EFC /* GameRow.swift in Sources */ = {isa = PBXBuildFile; fileRef = 8124C3B41FEDDBD800562EFC /* GameRow.swift */; };
		8124C3B91FEE1AAD00562EFC /* SaveCardCell.swift in Sources */ = {isa = PBXBuildFile; fileRef = 8124C3B81FEE1AAD00562EFC /* SaveCardCell.swift */; };
		81673BE21FED871C0066C223 /* Info.plist in Resources */ = {isa = PBXBuildFile; fileRef = 545F2ABF1FEC2752007EBECB /* Info.plist */; };
		81673BE41FED87F10066C223 /* NetworkHelper.swift in Sources */ = {isa = PBXBuildFile; fileRef = 81673BE31FED87F10066C223 /* NetworkHelper.swift */; };
		81673BEA1FED887A0066C223 /* Card.swift in Sources */ = {isa = PBXBuildFile; fileRef = 81673BE91FED887A0066C223 /* Card.swift */; };
		81673BEC1FED888A0066C223 /* Deck.swift in Sources */ = {isa = PBXBuildFile; fileRef = 81673BEB1FED888A0066C223 /* Deck.swift */; };
		81673BEE1FED88A50066C223 /* SavedGames.swift in Sources */ = {isa = PBXBuildFile; fileRef = 81673BED1FED88A50066C223 /* SavedGames.swift */; };
		81673BF01FED88BA0066C223 /* CardCell.swift in Sources */ = {isa = PBXBuildFile; fileRef = 81673BEF1FED88BA0066C223 /* CardCell.swift */; };
		81673BF31FED88DD0066C223 /* GameViewController.swift in Sources */ = {isa = PBXBuildFile; fileRef = 81673BF21FED88DD0066C223 /* GameViewController.swift */; };
		81673BF51FED88F50066C223 /* HistoryViewController.swift in Sources */ = {isa = PBXBuildFile; fileRef = 81673BF41FED88F50066C223 /* HistoryViewController.swift */; };
		81673BF91FED9B270066C223 /* TableViewCell.swift in Sources */ = {isa = PBXBuildFile; fileRef = 81673BF81FED9B270066C223 /* TableViewCell.swift */; };
		81673C001FEDB2AD0066C223 /* DataModel.swift in Sources */ = {isa = PBXBuildFile; fileRef = 81673BFF1FEDB2AD0066C223 /* DataModel.swift */; };
/* End PBXBuildFile section */

/* Begin PBXFileReference section */
		545F2AB01FEC2752007EBECB /* AC-iOS-MidUnit4Assessment-StudentVersion.app */ = {isa = PBXFileReference; explicitFileType = wrapper.application; includeInIndex = 0; path = "AC-iOS-MidUnit4Assessment-StudentVersion.app"; sourceTree = BUILT_PRODUCTS_DIR; };
		545F2AB31FEC2752007EBECB /* AppDelegate.swift */ = {isa = PBXFileReference; fileEncoding = 4; lastKnownFileType = sourcecode.swift; path = AppDelegate.swift; sourceTree = "<group>"; };
		545F2AB81FEC2752007EBECB /* Base */ = {isa = PBXFileReference; lastKnownFileType = file.storyboard; name = Base; path = Base.lproj/Main.storyboard; sourceTree = "<group>"; };
		545F2ABA1FEC2752007EBECB /* Assets.xcassets */ = {isa = PBXFileReference; lastKnownFileType = folder.assetcatalog; path = Assets.xcassets; sourceTree = "<group>"; };
		545F2ABD1FEC2752007EBECB /* Base */ = {isa = PBXFileReference; lastKnownFileType = file.storyboard; name = Base; path = Base.lproj/LaunchScreen.storyboard; sourceTree = "<group>"; };
		545F2ABF1FEC2752007EBECB /* Info.plist */ = {isa = PBXFileReference; fileEncoding = 4; lastKnownFileType = text.plist.xml; path = Info.plist; sourceTree = "<group>"; };
		8124C3B41FEDDBD800562EFC /* GameRow.swift */ = {isa = PBXFileReference; lastKnownFileType = sourcecode.swift; path = GameRow.swift; sourceTree = "<group>"; };
		8124C3B81FEE1AAD00562EFC /* SaveCardCell.swift */ = {isa = PBXFileReference; lastKnownFileType = sourcecode.swift; path = SaveCardCell.swift; sourceTree = "<group>"; };
		81673BDB1FED810D0066C223 /* CardCell.xib */ = {isa = PBXFileReference; lastKnownFileType = file.xib; path = CardCell.xib; sourceTree = "<group>"; };
		81673BE31FED87F10066C223 /* NetworkHelper.swift */ = {isa = PBXFileReference; lastKnownFileType = sourcecode.swift; path = NetworkHelper.swift; sourceTree = "<group>"; };
		81673BE91FED887A0066C223 /* Card.swift */ = {isa = PBXFileReference; lastKnownFileType = sourcecode.swift; path = Card.swift; sourceTree = "<group>"; };
		81673BEB1FED888A0066C223 /* Deck.swift */ = {isa = PBXFileReference; lastKnownFileType = sourcecode.swift; path = Deck.swift; sourceTree = "<group>"; };
		81673BED1FED88A50066C223 /* SavedGames.swift */ = {isa = PBXFileReference; lastKnownFileType = sourcecode.swift; path = SavedGames.swift; sourceTree = "<group>"; };
		81673BEF1FED88BA0066C223 /* CardCell.swift */ = {isa = PBXFileReference; lastKnownFileType = sourcecode.swift; path = CardCell.swift; sourceTree = "<group>"; };
		81673BF21FED88DD0066C223 /* GameViewController.swift */ = {isa = PBXFileReference; lastKnownFileType = sourcecode.swift; path = GameViewController.swift; sourceTree = "<group>"; };
		81673BF41FED88F50066C223 /* HistoryViewController.swift */ = {isa = PBXFileReference; lastKnownFileType = sourcecode.swift; path = HistoryViewController.swift; sourceTree = "<group>"; };
		81673BF81FED9B270066C223 /* TableViewCell.swift */ = {isa = PBXFileReference; lastKnownFileType = sourcecode.swift; path = TableViewCell.swift; sourceTree = "<group>"; };
		81673BFF1FEDB2AD0066C223 /* DataModel.swift */ = {isa = PBXFileReference; lastKnownFileType = sourcecode.swift; path = DataModel.swift; sourceTree = "<group>"; };
/* End PBXFileReference section */

/* Begin PBXFrameworksBuildPhase section */
		545F2AAD1FEC2752007EBECB /* Frameworks */ = {
			isa = PBXFrameworksBuildPhase;
			buildActionMask = 2147483647;
			files = (
			);
			runOnlyForDeploymentPostprocessing = 0;
		};
/* End PBXFrameworksBuildPhase section */

/* Begin PBXGroup section */
		545F2AA71FEC2752007EBECB = {
			isa = PBXGroup;
			children = (
				545F2AB21FEC2752007EBECB /* AC-iOS-MidUnit4Assessment-StudentVersion */,
			);
			sourceTree = "<group>";
		};
		545F2AB11FEC2752007EBECB /* Products */ = {
			isa = PBXGroup;
			children = (
				545F2AB01FEC2752007EBECB /* AC-iOS-MidUnit4Assessment-StudentVersion.app */,
			);
			name = Products;
			path = ..;
			sourceTree = "<group>";
		};
		545F2AB21FEC2752007EBECB /* AC-iOS-MidUnit4Assessment-StudentVersion */ = {
			isa = PBXGroup;
			children = (
				545F2AB11FEC2752007EBECB /* Products */,
				81673BE11FED81860066C223 /* SupportingFiles */,
				81673BDC1FED815D0066C223 /* Service */,
				819C38EB1FED7FF000F4C6DE /* Model */,
				81673BD91FED81020066C223 /* Views */,
				81673BD61FED80ED0066C223 /* View Controllers */,
				545F2AB71FEC2752007EBECB /* Main.storyboard */,
			);
			path = "AC-iOS-MidUnit4Assessment-StudentVersion";
			sourceTree = "<group>";
		};
		81673BD61FED80ED0066C223 /* View Controllers */ = {
			isa = PBXGroup;
			children = (
				81673BF21FED88DD0066C223 /* GameViewController.swift */,
				81673BF41FED88F50066C223 /* HistoryViewController.swift */,
			);
			path = "View Controllers";
			sourceTree = "<group>";
		};
		81673BD91FED81020066C223 /* Views */ = {
			isa = PBXGroup;
			children = (
				81673BDB1FED810D0066C223 /* CardCell.xib */,
				81673BEF1FED88BA0066C223 /* CardCell.swift */,
				8124C3B81FEE1AAD00562EFC /* SaveCardCell.swift */,
				81673BF81FED9B270066C223 /* TableViewCell.swift */,
				8124C3B41FEDDBD800562EFC /* GameRow.swift */,
			);
			path = Views;
			sourceTree = "<group>";
		};
		81673BDC1FED815D0066C223 /* Service */ = {
			isa = PBXGroup;
			children = (
				81673BE31FED87F10066C223 /* NetworkHelper.swift */,
				81673BFF1FEDB2AD0066C223 /* DataModel.swift */,
			);
			path = Service;
			sourceTree = "<group>";
		};
		81673BE11FED81860066C223 /* SupportingFiles */ = {
			isa = PBXGroup;
			children = (
				545F2ABF1FEC2752007EBECB /* Info.plist */,
				545F2ABA1FEC2752007EBECB /* Assets.xcassets */,
				545F2ABC1FEC2752007EBECB /* LaunchScreen.storyboard */,
				545F2AB31FEC2752007EBECB /* AppDelegate.swift */,
			);
			path = SupportingFiles;
			sourceTree = "<group>";
		};
		819C38EB1FED7FF000F4C6DE /* Model */ = {
			isa = PBXGroup;
			children = (
				81673BEB1FED888A0066C223 /* Deck.swift */,
				81673BE91FED887A0066C223 /* Card.swift */,
				81673BED1FED88A50066C223 /* SavedGames.swift */,
			);
			path = Model;
			sourceTree = "<group>";
		};
/* End PBXGroup section */

/* Begin PBXNativeTarget section */
		545F2AAF1FEC2752007EBECB /* AC-iOS-MidUnit4Assessment-StudentVersion */ = {
			isa = PBXNativeTarget;
			buildConfigurationList = 545F2AC21FEC2752007EBECB /* Build configuration list for PBXNativeTarget "AC-iOS-MidUnit4Assessment-StudentVersion" */;
			buildPhases = (
				545F2AAC1FEC2752007EBECB /* Sources */,
				545F2AAD1FEC2752007EBECB /* Frameworks */,
				545F2AAE1FEC2752007EBECB /* Resources */,
			);
			buildRules = (
			);
			dependencies = (
			);
			name = "AC-iOS-MidUnit4Assessment-StudentVersion";
			productName = "AC-iOS-MidUnit4Assessment-StudentVersion";
			productReference = 545F2AB01FEC2752007EBECB /* AC-iOS-MidUnit4Assessment-StudentVersion.app */;
			productType = "com.apple.product-type.application";
		};
/* End PBXNativeTarget section */

/* Begin PBXProject section */
		545F2AA81FEC2752007EBECB /* Project object */ = {
			isa = PBXProject;
			attributes = {
				LastSwiftUpdateCheck = 0920;
				LastUpgradeCheck = 0920;
				ORGANIZATIONNAME = "C4Q ";
				TargetAttributes = {
					545F2AAF1FEC2752007EBECB = {
						CreatedOnToolsVersion = 9.2;
						ProvisioningStyle = Automatic;
					};
				};
			};
			buildConfigurationList = 545F2AAB1FEC2752007EBECB /* Build configuration list for PBXProject "AC-iOS-MidUnit4Assessment-StudentVersion" */;
			compatibilityVersion = "Xcode 8.0";
			developmentRegion = en;
			hasScannedForEncodings = 0;
			knownRegions = (
				en,
				Base,
			);
			mainGroup = 545F2AA71FEC2752007EBECB;
			productRefGroup = 545F2AB11FEC2752007EBECB /* Products */;
			projectDirPath = "";
			projectRoot = "";
			targets = (
				545F2AAF1FEC2752007EBECB /* AC-iOS-MidUnit4Assessment-StudentVersion */,
			);
		};
/* End PBXProject section */

/* Begin PBXResourcesBuildPhase section */
		545F2AAE1FEC2752007EBECB /* Resources */ = {
			isa = PBXResourcesBuildPhase;
			buildActionMask = 2147483647;
			files = (
				81673BE21FED871C0066C223 /* Info.plist in Resources */,
				545F2ABE1FEC2752007EBECB /* LaunchScreen.storyboard in Resources */,
				545F2ABB1FEC2752007EBECB /* Assets.xcassets in Resources */,
				545F2AB91FEC2752007EBECB /* Main.storyboard in Resources */,
			);
			runOnlyForDeploymentPostprocessing = 0;
		};
/* End PBXResourcesBuildPhase section */

/* Begin PBXSourcesBuildPhase section */
		545F2AAC1FEC2752007EBECB /* Sources */ = {
			isa = PBXSourcesBuildPhase;
			buildActionMask = 2147483647;
			files = (
				81673BEC1FED888A0066C223 /* Deck.swift in Sources */,
				81673BE41FED87F10066C223 /* NetworkHelper.swift in Sources */,
				8124C3B91FEE1AAD00562EFC /* SaveCardCell.swift in Sources */,
				8124C3B51FEDDBD800562EFC /* GameRow.swift in Sources */,
				81673BF51FED88F50066C223 /* HistoryViewController.swift in Sources */,
				81673BF01FED88BA0066C223 /* CardCell.swift in Sources */,
				81673C001FEDB2AD0066C223 /* DataModel.swift in Sources */,
				81673BF31FED88DD0066C223 /* GameViewController.swift in Sources */,
				81673BF91FED9B270066C223 /* TableViewCell.swift in Sources */,
				81673BEA1FED887A0066C223 /* Card.swift in Sources */,
				81673BEE1FED88A50066C223 /* SavedGames.swift in Sources */,
				545F2AB41FEC2752007EBECB /* AppDelegate.swift in Sources */,
			);
			runOnlyForDeploymentPostprocessing = 0;
		};
/* End PBXSourcesBuildPhase section */

/* Begin PBXVariantGroup section */
		545F2AB71FEC2752007EBECB /* Main.storyboard */ = {
			isa = PBXVariantGroup;
			children = (
				545F2AB81FEC2752007EBECB /* Base */,
			);
			name = Main.storyboard;
			sourceTree = "<group>";
		};
		545F2ABC1FEC2752007EBECB /* LaunchScreen.storyboard */ = {
			isa = PBXVariantGroup;
			children = (
				545F2ABD1FEC2752007EBECB /* Base */,
			);
			name = LaunchScreen.storyboard;
			sourceTree = "<group>";
		};
/* End PBXVariantGroup section */

/* Begin XCBuildConfiguration section */
		545F2AC01FEC2752007EBECB /* Debug */ = {
			isa = XCBuildConfiguration;
			buildSettings = {
				ALWAYS_SEARCH_USER_PATHS = NO;
				CLANG_ANALYZER_NONNULL = YES;
				CLANG_ANALYZER_NUMBER_OBJECT_CONVERSION = YES_AGGRESSIVE;
				CLANG_CXX_LANGUAGE_STANDARD = "gnu++14";
				CLANG_CXX_LIBRARY = "libc++";
				CLANG_ENABLE_MODULES = YES;
				CLANG_ENABLE_OBJC_ARC = YES;
				CLANG_WARN_BLOCK_CAPTURE_AUTORELEASING = YES;
				CLANG_WARN_BOOL_CONVERSION = YES;
				CLANG_WARN_COMMA = YES;
				CLANG_WARN_CONSTANT_CONVERSION = YES;
				CLANG_WARN_DIRECT_OBJC_ISA_USAGE = YES_ERROR;
				CLANG_WARN_DOCUMENTATION_COMMENTS = YES;
				CLANG_WARN_EMPTY_BODY = YES;
				CLANG_WARN_ENUM_CONVERSION = YES;
				CLANG_WARN_INFINITE_RECURSION = YES;
				CLANG_WARN_INT_CONVERSION = YES;
				CLANG_WARN_NON_LITERAL_NULL_CONVERSION = YES;
				CLANG_WARN_OBJC_LITERAL_CONVERSION = YES;
				CLANG_WARN_OBJC_ROOT_CLASS = YES_ERROR;
				CLANG_WARN_RANGE_LOOP_ANALYSIS = YES;
				CLANG_WARN_STRICT_PROTOTYPES = YES;
				CLANG_WARN_SUSPICIOUS_MOVE = YES;
				CLANG_WARN_UNGUARDED_AVAILABILITY = YES_AGGRESSIVE;
				CLANG_WARN_UNREACHABLE_CODE = YES;
				CLANG_WARN__DUPLICATE_METHOD_MATCH = YES;
				CODE_SIGN_IDENTITY = "iPhone Developer";
				COPY_PHASE_STRIP = NO;
				DEBUG_INFORMATION_FORMAT = dwarf;
				ENABLE_STRICT_OBJC_MSGSEND = YES;
				ENABLE_TESTABILITY = YES;
				GCC_C_LANGUAGE_STANDARD = gnu11;
				GCC_DYNAMIC_NO_PIC = NO;
				GCC_NO_COMMON_BLOCKS = YES;
				GCC_OPTIMIZATION_LEVEL = 0;
				GCC_PREPROCESSOR_DEFINITIONS = (
					"DEBUG=1",
					"$(inherited)",
				);
				GCC_WARN_64_TO_32_BIT_CONVERSION = YES;
				GCC_WARN_ABOUT_RETURN_TYPE = YES_ERROR;
				GCC_WARN_UNDECLARED_SELECTOR = YES;
				GCC_WARN_UNINITIALIZED_AUTOS = YES_AGGRESSIVE;
				GCC_WARN_UNUSED_FUNCTION = YES;
				GCC_WARN_UNUSED_VARIABLE = YES;
				IPHONEOS_DEPLOYMENT_TARGET = 11.2;
				MTL_ENABLE_DEBUG_INFO = YES;
				ONLY_ACTIVE_ARCH = YES;
				SDKROOT = iphoneos;
				SWIFT_ACTIVE_COMPILATION_CONDITIONS = DEBUG;
				SWIFT_OPTIMIZATION_LEVEL = "-Onone";
			};
			name = Debug;
		};
		545F2AC11FEC2752007EBECB /* Release */ = {
			isa = XCBuildConfiguration;
			buildSettings = {
				ALWAYS_SEARCH_USER_PATHS = NO;
				CLANG_ANALYZER_NONNULL = YES;
				CLANG_ANALYZER_NUMBER_OBJECT_CONVERSION = YES_AGGRESSIVE;
				CLANG_CXX_LANGUAGE_STANDARD = "gnu++14";
				CLANG_CXX_LIBRARY = "libc++";
				CLANG_ENABLE_MODULES = YES;
				CLANG_ENABLE_OBJC_ARC = YES;
				CLANG_WARN_BLOCK_CAPTURE_AUTORELEASING = YES;
				CLANG_WARN_BOOL_CONVERSION = YES;
				CLANG_WARN_COMMA = YES;
				CLANG_WARN_CONSTANT_CONVERSION = YES;
				CLANG_WARN_DIRECT_OBJC_ISA_USAGE = YES_ERROR;
				CLANG_WARN_DOCUMENTATION_COMMENTS = YES;
				CLANG_WARN_EMPTY_BODY = YES;
				CLANG_WARN_ENUM_CONVERSION = YES;
				CLANG_WARN_INFINITE_RECURSION = YES;
				CLANG_WARN_INT_CONVERSION = YES;
				CLANG_WARN_NON_LITERAL_NULL_CONVERSION = YES;
				CLANG_WARN_OBJC_LITERAL_CONVERSION = YES;
				CLANG_WARN_OBJC_ROOT_CLASS = YES_ERROR;
				CLANG_WARN_RANGE_LOOP_ANALYSIS = YES;
				CLANG_WARN_STRICT_PROTOTYPES = YES;
				CLANG_WARN_SUSPICIOUS_MOVE = YES;
				CLANG_WARN_UNGUARDED_AVAILABILITY = YES_AGGRESSIVE;
				CLANG_WARN_UNREACHABLE_CODE = YES;
				CLANG_WARN__DUPLICATE_METHOD_MATCH = YES;
				CODE_SIGN_IDENTITY = "iPhone Developer";
				COPY_PHASE_STRIP = NO;
				DEBUG_INFORMATION_FORMAT = "dwarf-with-dsym";
				ENABLE_NS_ASSERTIONS = NO;
				ENABLE_STRICT_OBJC_MSGSEND = YES;
				GCC_C_LANGUAGE_STANDARD = gnu11;
				GCC_NO_COMMON_BLOCKS = YES;
				GCC_WARN_64_TO_32_BIT_CONVERSION = YES;
				GCC_WARN_ABOUT_RETURN_TYPE = YES_ERROR;
				GCC_WARN_UNDECLARED_SELECTOR = YES;
				GCC_WARN_UNINITIALIZED_AUTOS = YES_AGGRESSIVE;
				GCC_WARN_UNUSED_FUNCTION = YES;
				GCC_WARN_UNUSED_VARIABLE = YES;
				IPHONEOS_DEPLOYMENT_TARGET = 11.2;
				MTL_ENABLE_DEBUG_INFO = NO;
				SDKROOT = iphoneos;
				SWIFT_OPTIMIZATION_LEVEL = "-Owholemodule";
				VALIDATE_PRODUCT = YES;
			};
			name = Release;
		};
		545F2AC31FEC2752007EBECB /* Debug */ = {
			isa = XCBuildConfiguration;
			buildSettings = {
				ASSETCATALOG_COMPILER_APPICON_NAME = AppIcon;
				CODE_SIGN_STYLE = Automatic;
				INFOPLIST_FILE = "$(SRCROOT)/AC-iOS-MidUnit4Assessment-StudentVersion/SupportingFiles/Info.plist";
				IPHONEOS_DEPLOYMENT_TARGET = 11.0;
				LD_RUNPATH_SEARCH_PATHS = "$(inherited) @executable_path/Frameworks";
				PRODUCT_BUNDLE_IDENTIFIER = "c4q.AC-iOS-MidUnit4Assessment-StudentVersion";
				PRODUCT_NAME = "$(TARGET_NAME)";
				SWIFT_VERSION = 4.0;
				TARGETED_DEVICE_FAMILY = "1,2";
			};
			name = Debug;
		};
		545F2AC41FEC2752007EBECB /* Release */ = {
			isa = XCBuildConfiguration;
			buildSettings = {
				ASSETCATALOG_COMPILER_APPICON_NAME = AppIcon;
				CODE_SIGN_STYLE = Automatic;
				INFOPLIST_FILE = "$(SRCROOT)/AC-iOS-MidUnit4Assessment-StudentVersion/SupportingFiles/Info.plist";
				IPHONEOS_DEPLOYMENT_TARGET = 11.0;
				LD_RUNPATH_SEARCH_PATHS = "$(inherited) @executable_path/Frameworks";
				PRODUCT_BUNDLE_IDENTIFIER = "c4q.AC-iOS-MidUnit4Assessment-StudentVersion";
				PRODUCT_NAME = "$(TARGET_NAME)";
				SWIFT_VERSION = 4.0;
				TARGETED_DEVICE_FAMILY = "1,2";
			};
			name = Release;
		};
/* End XCBuildConfiguration section */

/* Begin XCConfigurationList section */
		545F2AAB1FEC2752007EBECB /* Build configuration list for PBXProject "AC-iOS-MidUnit4Assessment-StudentVersion" */ = {
			isa = XCConfigurationList;
			buildConfigurations = (
				545F2AC01FEC2752007EBECB /* Debug */,
				545F2AC11FEC2752007EBECB /* Release */,
			);
			defaultConfigurationIsVisible = 0;
			defaultConfigurationName = Release;
		};
		545F2AC21FEC2752007EBECB /* Build configuration list for PBXNativeTarget "AC-iOS-MidUnit4Assessment-StudentVersion" */ = {
			isa = XCConfigurationList;
			buildConfigurations = (
				545F2AC31FEC2752007EBECB /* Debug */,
				545F2AC41FEC2752007EBECB /* Release */,
			);
			defaultConfigurationIsVisible = 0;
			defaultConfigurationName = Release;
		};
/* End XCConfigurationList section */
	};
	rootObject = 545F2AA81FEC2752007EBECB /* Project object */;
}
