// !$*UTF8*$!
{
	archiveVersion = 1;
	classes = {
	};
	objectVersion = 48;
	objects = {

/* Begin PBXBuildFile section */
		545F2AB41FEC2752007EBECB /* AppDelegate.swift in Sources */ = {isa = PBXBuildFile; fileRef = 545F2AB31FEC2752007EBECB /* AppDelegate.swift */; };
		545F2AB91FEC2752007EBECB /* Main.storyboard in Resources */ = {isa = PBXBuildFile; fileRef = 545F2AB71FEC2752007EBECB /* Main.storyboard */; };
		545F2ABB1FEC2752007EBECB /* Assets.xcassets in Resources */ = {isa = PBXBuildFile; fileRef = 545F2ABA1FEC2752007EBECB /* Assets.xcassets */; };
		545F2ABE1FEC2752007EBECB /* LaunchScreen.storyboard in Resources */ = {isa = PBXBuildFile; fileRef = 545F2ABC1FEC2752007EBECB /* LaunchScreen.storyboard */; };
		81ABBA1A1FED66090077B50E /* AppError.swift in Sources */ = {isa = PBXBuildFile; fileRef = 81ABBA191FED66090077B50E /* AppError.swift */; };
		81ABBA1C1FED66560077B50E /* NetworkHelper.swift in Sources */ = {isa = PBXBuildFile; fileRef = 81ABBA1B1FED66560077B50E /* NetworkHelper.swift */; };
		81ABBA1E1FED66730077B50E /* Card.swift in Sources */ = {isa = PBXBuildFile; fileRef = 81ABBA1D1FED66730077B50E /* Card.swift */; };
		81ABBA201FED67D70077B50E /* RndCardAPIClient.swift in Sources */ = {isa = PBXBuildFile; fileRef = 81ABBA1F1FED67D70077B50E /* RndCardAPIClient.swift */; };
		81ABBA221FED69180077B50E /* GameViewController.swift in Sources */ = {isa = PBXBuildFile; fileRef = 81ABBA211FED69180077B50E /* GameViewController.swift */; };
		81ABBA241FED6C7A0077B50E /* GameViewController+Extension.swift in Sources */ = {isa = PBXBuildFile; fileRef = 81ABBA231FED6C7A0077B50E /* GameViewController+Extension.swift */; };
		81ABBA261FED6C950077B50E /* GameCollectionViewCell.swift in Sources */ = {isa = PBXBuildFile; fileRef = 81ABBA251FED6C950077B50E /* GameCollectionViewCell.swift */; };
		81ABBA281FED707F0077B50E /* PickedCardAPIClient.swift in Sources */ = {isa = PBXBuildFile; fileRef = 81ABBA271FED707F0077B50E /* PickedCardAPIClient.swift */; };
		81ABBA2A1FED78920077B50E /* ImageAPIClient.swift in Sources */ = {isa = PBXBuildFile; fileRef = 81ABBA291FED78920077B50E /* ImageAPIClient.swift */; };
		81ABBA2C1FED940F0077B50E /* GameSaved.swift in Sources */ = {isa = PBXBuildFile; fileRef = 81ABBA2B1FED940F0077B50E /* GameSaved.swift */; };
		81ABBA2E1FED95360077B50E /* KeyedArchiverClient.swift in Sources */ = {isa = PBXBuildFile; fileRef = 81ABBA2D1FED95360077B50E /* KeyedArchiverClient.swift */; };
		81ABBA301FED995C0077B50E /* GamesSavedViewController.swift in Sources */ = {isa = PBXBuildFile; fileRef = 81ABBA2F1FED995C0077B50E /* GamesSavedViewController.swift */; };
		81ABBA321FEDB2FE0077B50E /* GameSavedTableViewCell.swift in Sources */ = {isa = PBXBuildFile; fileRef = 81ABBA311FEDB2FE0077B50E /* GameSavedTableViewCell.swift */; };
		81ABBA341FEDB3100077B50E /* GameSavedCollectionViewCell.swift in Sources */ = {isa = PBXBuildFile; fileRef = 81ABBA331FEDB3100077B50E /* GameSavedCollectionViewCell.swift */; };
		81ABBA361FEDB5A70077B50E /* GamesSavedViewController+Extension.swift in Sources */ = {isa = PBXBuildFile; fileRef = 81ABBA351FEDB5A70077B50E /* GamesSavedViewController+Extension.swift */; };
		81ABBA381FEDC1EF0077B50E /* SettingsViewController.swift in Sources */ = {isa = PBXBuildFile; fileRef = 81ABBA371FEDC1EF0077B50E /* SettingsViewController.swift */; };
/* End PBXBuildFile section */

/* Begin PBXFileReference section */
		545F2AB01FEC2752007EBECB /* AC-iOS-MidUnit4Assessment-StudentVersion.app */ = {isa = PBXFileReference; explicitFileType = wrapper.application; includeInIndex = 0; path = "AC-iOS-MidUnit4Assessment-StudentVersion.app"; sourceTree = BUILT_PRODUCTS_DIR; };
		545F2AB31FEC2752007EBECB /* AppDelegate.swift */ = {isa = PBXFileReference; lastKnownFileType = sourcecode.swift; path = AppDelegate.swift; sourceTree = "<group>"; };
		545F2AB81FEC2752007EBECB /* Base */ = {isa = PBXFileReference; lastKnownFileType = file.storyboard; name = Base; path = Base.lproj/Main.storyboard; sourceTree = "<group>"; };
		545F2ABA1FEC2752007EBECB /* Assets.xcassets */ = {isa = PBXFileReference; lastKnownFileType = folder.assetcatalog; path = Assets.xcassets; sourceTree = "<group>"; };
		545F2ABD1FEC2752007EBECB /* Base */ = {isa = PBXFileReference; lastKnownFileType = file.storyboard; name = Base; path = Base.lproj/LaunchScreen.storyboard; sourceTree = "<group>"; };
		545F2ABF1FEC2752007EBECB /* Info.plist */ = {isa = PBXFileReference; lastKnownFileType = text.plist.xml; path = Info.plist; sourceTree = "<group>"; };
		81ABBA191FED66090077B50E /* AppError.swift */ = {isa = PBXFileReference; lastKnownFileType = sourcecode.swift; path = AppError.swift; sourceTree = "<group>"; };
		81ABBA1B1FED66560077B50E /* NetworkHelper.swift */ = {isa = PBXFileReference; lastKnownFileType = sourcecode.swift; path = NetworkHelper.swift; sourceTree = "<group>"; };
		81ABBA1D1FED66730077B50E /* Card.swift */ = {isa = PBXFileReference; lastKnownFileType = sourcecode.swift; path = Card.swift; sourceTree = "<group>"; };
		81ABBA1F1FED67D70077B50E /* RndCardAPIClient.swift */ = {isa = PBXFileReference; lastKnownFileType = sourcecode.swift; path = RndCardAPIClient.swift; sourceTree = "<group>"; };
		81ABBA211FED69180077B50E /* GameViewController.swift */ = {isa = PBXFileReference; lastKnownFileType = sourcecode.swift; path = GameViewController.swift; sourceTree = "<group>"; };
		81ABBA231FED6C7A0077B50E /* GameViewController+Extension.swift */ = {isa = PBXFileReference; lastKnownFileType = sourcecode.swift; path = "GameViewController+Extension.swift"; sourceTree = "<group>"; };
		81ABBA251FED6C950077B50E /* GameCollectionViewCell.swift */ = {isa = PBXFileReference; lastKnownFileType = sourcecode.swift; path = GameCollectionViewCell.swift; sourceTree = "<group>"; };
		81ABBA271FED707F0077B50E /* PickedCardAPIClient.swift */ = {isa = PBXFileReference; lastKnownFileType = sourcecode.swift; path = PickedCardAPIClient.swift; sourceTree = "<group>"; };
		81ABBA291FED78920077B50E /* ImageAPIClient.swift */ = {isa = PBXFileReference; lastKnownFileType = sourcecode.swift; path = ImageAPIClient.swift; sourceTree = "<group>"; };
		81ABBA2B1FED940F0077B50E /* GameSaved.swift */ = {isa = PBXFileReference; lastKnownFileType = sourcecode.swift; path = GameSaved.swift; sourceTree = "<group>"; };
		81ABBA2D1FED95360077B50E /* KeyedArchiverClient.swift */ = {isa = PBXFileReference; lastKnownFileType = sourcecode.swift; path = KeyedArchiverClient.swift; sourceTree = "<group>"; };
		81ABBA2F1FED995C0077B50E /* GamesSavedViewController.swift */ = {isa = PBXFileReference; lastKnownFileType = sourcecode.swift; path = GamesSavedViewController.swift; sourceTree = "<group>"; };
		81ABBA311FEDB2FE0077B50E /* GameSavedTableViewCell.swift */ = {isa = PBXFileReference; lastKnownFileType = sourcecode.swift; path = GameSavedTableViewCell.swift; sourceTree = "<group>"; };
		81ABBA331FEDB3100077B50E /* GameSavedCollectionViewCell.swift */ = {isa = PBXFileReference; lastKnownFileType = sourcecode.swift; path = GameSavedCollectionViewCell.swift; sourceTree = "<group>"; };
		81ABBA351FEDB5A70077B50E /* GamesSavedViewController+Extension.swift */ = {isa = PBXFileReference; lastKnownFileType = sourcecode.swift; path = "GamesSavedViewController+Extension.swift"; sourceTree = "<group>"; };
		81ABBA371FEDC1EF0077B50E /* SettingsViewController.swift */ = {isa = PBXFileReference; lastKnownFileType = sourcecode.swift; path = SettingsViewController.swift; sourceTree = "<group>"; };
/* End PBXFileReference section */

/* Begin PBXFrameworksBuildPhase section */
		545F2AAD1FEC2752007EBECB /* Frameworks */ = {
			isa = PBXFrameworksBuildPhase;
			buildActionMask = 2147483647;
			files = (
			);
			runOnlyForDeploymentPostprocessing = 0;
		};
/* End PBXFrameworksBuildPhase section */

/* Begin PBXGroup section */
		545F2AA71FEC2752007EBECB = {
			isa = PBXGroup;
			children = (
				545F2AB21FEC2752007EBECB /* AC-iOS-MidUnit4Assessment-StudentVersion */,
				545F2AB11FEC2752007EBECB /* Products */,
			);
			sourceTree = "<group>";
		};
		545F2AB11FEC2752007EBECB /* Products */ = {
			isa = PBXGroup;
			children = (
				545F2AB01FEC2752007EBECB /* AC-iOS-MidUnit4Assessment-StudentVersion.app */,
			);
			name = Products;
			sourceTree = "<group>";
		};
		545F2AB21FEC2752007EBECB /* AC-iOS-MidUnit4Assessment-StudentVersion */ = {
			isa = PBXGroup;
			children = (
				545F2AB71FEC2752007EBECB /* Main.storyboard */,
				81ABBA181FED5F510077B50E /* Models */,
				81ABBA171FED5F470077B50E /* View Controllers */,
				81ABBA161FED5F2D0077B50E /* Supporting Files */,
				545F2ABF1FEC2752007EBECB /* Info.plist */,
			);
			path = "AC-iOS-MidUnit4Assessment-StudentVersion";
			sourceTree = "<group>";
		};
		81ABBA161FED5F2D0077B50E /* Supporting Files */ = {
			isa = PBXGroup;
			children = (
				545F2AB31FEC2752007EBECB /* AppDelegate.swift */,
				545F2ABA1FEC2752007EBECB /* Assets.xcassets */,
				545F2ABC1FEC2752007EBECB /* LaunchScreen.storyboard */,
			);
			path = "Supporting Files";
			sourceTree = "<group>";
		};
		81ABBA171FED5F470077B50E /* View Controllers */ = {
			isa = PBXGroup;
			children = (
				81ABBA211FED69180077B50E /* GameViewController.swift */,
				81ABBA231FED6C7A0077B50E /* GameViewController+Extension.swift */,
				81ABBA251FED6C950077B50E /* GameCollectionViewCell.swift */,
				81ABBA2F1FED995C0077B50E /* GamesSavedViewController.swift */,
				81ABBA351FEDB5A70077B50E /* GamesSavedViewController+Extension.swift */,
				81ABBA311FEDB2FE0077B50E /* GameSavedTableViewCell.swift */,
				81ABBA331FEDB3100077B50E /* GameSavedCollectionViewCell.swift */,
				81ABBA371FEDC1EF0077B50E /* SettingsViewController.swift */,
			);
			path = "View Controllers";
			sourceTree = "<group>";
		};
		81ABBA181FED5F510077B50E /* Models */ = {
			isa = PBXGroup;
			children = (
				81ABBA191FED66090077B50E /* AppError.swift */,
				81ABBA1B1FED66560077B50E /* NetworkHelper.swift */,
				81ABBA1D1FED66730077B50E /* Card.swift */,
				81ABBA1F1FED67D70077B50E /* RndCardAPIClient.swift */,
				81ABBA271FED707F0077B50E /* PickedCardAPIClient.swift */,
				81ABBA291FED78920077B50E /* ImageAPIClient.swift */,
				81ABBA2B1FED940F0077B50E /* GameSaved.swift */,
				81ABBA2D1FED95360077B50E /* KeyedArchiverClient.swift */,
			);
			path = Models;
			sourceTree = "<group>";
		};
/* End PBXGroup section */

/* Begin PBXNativeTarget section */
		545F2AAF1FEC2752007EBECB /* AC-iOS-MidUnit4Assessment-StudentVersion */ = {
			isa = PBXNativeTarget;
			buildConfigurationList = 545F2AC21FEC2752007EBECB /* Build configuration list for PBXNativeTarget "AC-iOS-MidUnit4Assessment-StudentVersion" */;
			buildPhases = (
				545F2AAC1FEC2752007EBECB /* Sources */,
				545F2AAD1FEC2752007EBECB /* Frameworks */,
				545F2AAE1FEC2752007EBECB /* Resources */,
			);
			buildRules = (
			);
			dependencies = (
			);
			name = "AC-iOS-MidUnit4Assessment-StudentVersion";
			productName = "AC-iOS-MidUnit4Assessment-StudentVersion";
			productReference = 545F2AB01FEC2752007EBECB /* AC-iOS-MidUnit4Assessment-StudentVersion.app */;
			productType = "com.apple.product-type.application";
		};
/* End PBXNativeTarget section */

/* Begin PBXProject section */
		545F2AA81FEC2752007EBECB /* Project object */ = {
			isa = PBXProject;
			attributes = {
				LastSwiftUpdateCheck = 0920;
				LastUpgradeCheck = 0920;
				ORGANIZATIONNAME = "C4Q ";
				TargetAttributes = {
					545F2AAF1FEC2752007EBECB = {
						CreatedOnToolsVersion = 9.2;
						ProvisioningStyle = Automatic;
					};
				};
			};
			buildConfigurationList = 545F2AAB1FEC2752007EBECB /* Build configuration list for PBXProject "AC-iOS-MidUnit4Assessment-StudentVersion" */;
			compatibilityVersion = "Xcode 8.0";
			developmentRegion = en;
			hasScannedForEncodings = 0;
			knownRegions = (
				en,
				Base,
			);
			mainGroup = 545F2AA71FEC2752007EBECB;
			productRefGroup = 545F2AB11FEC2752007EBECB /* Products */;
			projectDirPath = "";
			projectRoot = "";
			targets = (
				545F2AAF1FEC2752007EBECB /* AC-iOS-MidUnit4Assessment-StudentVersion */,
			);
		};
/* End PBXProject section */

/* Begin PBXResourcesBuildPhase section */
		545F2AAE1FEC2752007EBECB /* Resources */ = {
			isa = PBXResourcesBuildPhase;
			buildActionMask = 2147483647;
			files = (
				545F2ABE1FEC2752007EBECB /* LaunchScreen.storyboard in Resources */,
				545F2ABB1FEC2752007EBECB /* Assets.xcassets in Resources */,
				545F2AB91FEC2752007EBECB /* Main.storyboard in Resources */,
			);
			runOnlyForDeploymentPostprocessing = 0;
		};
/* End PBXResourcesBuildPhase section */

/* Begin PBXSourcesBuildPhase section */
		545F2AAC1FEC2752007EBECB /* Sources */ = {
			isa = PBXSourcesBuildPhase;
			buildActionMask = 2147483647;
			files = (
				81ABBA301FED995C0077B50E /* GamesSavedViewController.swift in Sources */,
				81ABBA261FED6C950077B50E /* GameCollectionViewCell.swift in Sources */,
				81ABBA2E1FED95360077B50E /* KeyedArchiverClient.swift in Sources */,
				81ABBA1A1FED66090077B50E /* AppError.swift in Sources */,
				81ABBA1C1FED66560077B50E /* NetworkHelper.swift in Sources */,
				81ABBA321FEDB2FE0077B50E /* GameSavedTableViewCell.swift in Sources */,
				81ABBA2A1FED78920077B50E /* ImageAPIClient.swift in Sources */,
				81ABBA2C1FED940F0077B50E /* GameSaved.swift in Sources */,
				81ABBA241FED6C7A0077B50E /* GameViewController+Extension.swift in Sources */,
				545F2AB41FEC2752007EBECB /* AppDelegate.swift in Sources */,
				81ABBA361FEDB5A70077B50E /* GamesSavedViewController+Extension.swift in Sources */,
				81ABBA341FEDB3100077B50E /* GameSavedCollectionViewCell.swift in Sources */,
				81ABBA381FEDC1EF0077B50E /* SettingsViewController.swift in Sources */,
				81ABBA201FED67D70077B50E /* RndCardAPIClient.swift in Sources */,
				81ABBA221FED69180077B50E /* GameViewController.swift in Sources */,
				81ABBA1E1FED66730077B50E /* Card.swift in Sources */,
				81ABBA281FED707F0077B50E /* PickedCardAPIClient.swift in Sources */,
			);
			runOnlyForDeploymentPostprocessing = 0;
		};
/* End PBXSourcesBuildPhase section */

/* Begin PBXVariantGroup section */
		545F2AB71FEC2752007EBECB /* Main.storyboard */ = {
			isa = PBXVariantGroup;
			children = (
				545F2AB81FEC2752007EBECB /* Base */,
			);
			name = Main.storyboard;
			sourceTree = "<group>";
		};
		545F2ABC1FEC2752007EBECB /* LaunchScreen.storyboard */ = {
			isa = PBXVariantGroup;
			children = (
				545F2ABD1FEC2752007EBECB /* Base */,
			);
			name = LaunchScreen.storyboard;
			sourceTree = "<group>";
		};
/* End PBXVariantGroup section */

/* Begin XCBuildConfiguration section */
		545F2AC01FEC2752007EBECB /* Debug */ = {
			isa = XCBuildConfiguration;
			buildSettings = {
				ALWAYS_SEARCH_USER_PATHS = NO;
				CLANG_ANALYZER_NONNULL = YES;
				CLANG_ANALYZER_NUMBER_OBJECT_CONVERSION = YES_AGGRESSIVE;
				CLANG_CXX_LANGUAGE_STANDARD = "gnu++14";
				CLANG_CXX_LIBRARY = "libc++";
				CLANG_ENABLE_MODULES = YES;
				CLANG_ENABLE_OBJC_ARC = YES;
				CLANG_WARN_BLOCK_CAPTURE_AUTORELEASING = YES;
				CLANG_WARN_BOOL_CONVERSION = YES;
				CLANG_WARN_COMMA = YES;
				CLANG_WARN_CONSTANT_CONVERSION = YES;
				CLANG_WARN_DIRECT_OBJC_ISA_USAGE = YES_ERROR;
				CLANG_WARN_DOCUMENTATION_COMMENTS = YES;
				CLANG_WARN_EMPTY_BODY = YES;
				CLANG_WARN_ENUM_CONVERSION = YES;
				CLANG_WARN_INFINITE_RECURSION = YES;
				CLANG_WARN_INT_CONVERSION = YES;
				CLANG_WARN_NON_LITERAL_NULL_CONVERSION = YES;
				CLANG_WARN_OBJC_LITERAL_CONVERSION = YES;
				CLANG_WARN_OBJC_ROOT_CLASS = YES_ERROR;
				CLANG_WARN_RANGE_LOOP_ANALYSIS = YES;
				CLANG_WARN_STRICT_PROTOTYPES = YES;
				CLANG_WARN_SUSPICIOUS_MOVE = YES;
				CLANG_WARN_UNGUARDED_AVAILABILITY = YES_AGGRESSIVE;
				CLANG_WARN_UNREACHABLE_CODE = YES;
				CLANG_WARN__DUPLICATE_METHOD_MATCH = YES;
				CODE_SIGN_IDENTITY = "iPhone Developer";
				COPY_PHASE_STRIP = NO;
				DEBUG_INFORMATION_FORMAT = dwarf;
				ENABLE_STRICT_OBJC_MSGSEND = YES;
				ENABLE_TESTABILITY = YES;
				GCC_C_LANGUAGE_STANDARD = gnu11;
				GCC_DYNAMIC_NO_PIC = NO;
				GCC_NO_COMMON_BLOCKS = YES;
				GCC_OPTIMIZATION_LEVEL = 0;
				GCC_PREPROCESSOR_DEFINITIONS = (
					"DEBUG=1",
					"$(inherited)",
				);
				GCC_WARN_64_TO_32_BIT_CONVERSION = YES;
				GCC_WARN_ABOUT_RETURN_TYPE = YES_ERROR;
				GCC_WARN_UNDECLARED_SELECTOR = YES;
				GCC_WARN_UNINITIALIZED_AUTOS = YES_AGGRESSIVE;
				GCC_WARN_UNUSED_FUNCTION = YES;
				GCC_WARN_UNUSED_VARIABLE = YES;
				IPHONEOS_DEPLOYMENT_TARGET = 11.2;
				MTL_ENABLE_DEBUG_INFO = YES;
				ONLY_ACTIVE_ARCH = YES;
				SDKROOT = iphoneos;
				SWIFT_ACTIVE_COMPILATION_CONDITIONS = DEBUG;
				SWIFT_OPTIMIZATION_LEVEL = "-Onone";
			};
			name = Debug;
		};
		545F2AC11FEC2752007EBECB /* Release */ = {
			isa = XCBuildConfiguration;
			buildSettings = {
				ALWAYS_SEARCH_USER_PATHS = NO;
				CLANG_ANALYZER_NONNULL = YES;
				CLANG_ANALYZER_NUMBER_OBJECT_CONVERSION = YES_AGGRESSIVE;
				CLANG_CXX_LANGUAGE_STANDARD = "gnu++14";
				CLANG_CXX_LIBRARY = "libc++";
				CLANG_ENABLE_MODULES = YES;
				CLANG_ENABLE_OBJC_ARC = YES;
				CLANG_WARN_BLOCK_CAPTURE_AUTORELEASING = YES;
				CLANG_WARN_BOOL_CONVERSION = YES;
				CLANG_WARN_COMMA = YES;
				CLANG_WARN_CONSTANT_CONVERSION = YES;
				CLANG_WARN_DIRECT_OBJC_ISA_USAGE = YES_ERROR;
				CLANG_WARN_DOCUMENTATION_COMMENTS = YES;
				CLANG_WARN_EMPTY_BODY = YES;
				CLANG_WARN_ENUM_CONVERSION = YES;
				CLANG_WARN_INFINITE_RECURSION = YES;
				CLANG_WARN_INT_CONVERSION = YES;
				CLANG_WARN_NON_LITERAL_NULL_CONVERSION = YES;
				CLANG_WARN_OBJC_LITERAL_CONVERSION = YES;
				CLANG_WARN_OBJC_ROOT_CLASS = YES_ERROR;
				CLANG_WARN_RANGE_LOOP_ANALYSIS = YES;
				CLANG_WARN_STRICT_PROTOTYPES = YES;
				CLANG_WARN_SUSPICIOUS_MOVE = YES;
				CLANG_WARN_UNGUARDED_AVAILABILITY = YES_AGGRESSIVE;
				CLANG_WARN_UNREACHABLE_CODE = YES;
				CLANG_WARN__DUPLICATE_METHOD_MATCH = YES;
				CODE_SIGN_IDENTITY = "iPhone Developer";
				COPY_PHASE_STRIP = NO;
				DEBUG_INFORMATION_FORMAT = "dwarf-with-dsym";
				ENABLE_NS_ASSERTIONS = NO;
				ENABLE_STRICT_OBJC_MSGSEND = YES;
				GCC_C_LANGUAGE_STANDARD = gnu11;
				GCC_NO_COMMON_BLOCKS = YES;
				GCC_WARN_64_TO_32_BIT_CONVERSION = YES;
				GCC_WARN_ABOUT_RETURN_TYPE = YES_ERROR;
				GCC_WARN_UNDECLARED_SELECTOR = YES;
				GCC_WARN_UNINITIALIZED_AUTOS = YES_AGGRESSIVE;
				GCC_WARN_UNUSED_FUNCTION = YES;
				GCC_WARN_UNUSED_VARIABLE = YES;
				IPHONEOS_DEPLOYMENT_TARGET = 11.2;
				MTL_ENABLE_DEBUG_INFO = NO;
				SDKROOT = iphoneos;
				SWIFT_OPTIMIZATION_LEVEL = "-Owholemodule";
				VALIDATE_PRODUCT = YES;
			};
			name = Release;
		};
		545F2AC31FEC2752007EBECB /* Debug */ = {
			isa = XCBuildConfiguration;
			buildSettings = {
				ASSETCATALOG_COMPILER_APPICON_NAME = AppIcon;
				CODE_SIGN_STYLE = Automatic;
				INFOPLIST_FILE = "AC-iOS-MidUnit4Assessment-StudentVersion/Info.plist";
				IPHONEOS_DEPLOYMENT_TARGET = 11.0;
				LD_RUNPATH_SEARCH_PATHS = "$(inherited) @executable_path/Frameworks";
				PRODUCT_BUNDLE_IDENTIFIER = "c4q.AC-iOS-MidUnit4Assessment-StudentVersion";
				PRODUCT_NAME = "$(TARGET_NAME)";
				SWIFT_VERSION = 4.0;
				TARGETED_DEVICE_FAMILY = "1,2";
			};
			name = Debug;
		};
		545F2AC41FEC2752007EBECB /* Release */ = {
			isa = XCBuildConfiguration;
			buildSettings = {
				ASSETCATALOG_COMPILER_APPICON_NAME = AppIcon;
				CODE_SIGN_STYLE = Automatic;
				INFOPLIST_FILE = "AC-iOS-MidUnit4Assessment-StudentVersion/Info.plist";
				IPHONEOS_DEPLOYMENT_TARGET = 11.0;
				LD_RUNPATH_SEARCH_PATHS = "$(inherited) @executable_path/Frameworks";
				PRODUCT_BUNDLE_IDENTIFIER = "c4q.AC-iOS-MidUnit4Assessment-StudentVersion";
				PRODUCT_NAME = "$(TARGET_NAME)";
				SWIFT_VERSION = 4.0;
				TARGETED_DEVICE_FAMILY = "1,2";
			};
			name = Release;
		};
/* End XCBuildConfiguration section */

/* Begin XCConfigurationList section */
		545F2AAB1FEC2752007EBECB /* Build configuration list for PBXProject "AC-iOS-MidUnit4Assessment-StudentVersion" */ = {
			isa = XCConfigurationList;
			buildConfigurations = (
				545F2AC01FEC2752007EBECB /* Debug */,
				545F2AC11FEC2752007EBECB /* Release */,
			);
			defaultConfigurationIsVisible = 0;
			defaultConfigurationName = Release;
		};
		545F2AC21FEC2752007EBECB /* Build configuration list for PBXNativeTarget "AC-iOS-MidUnit4Assessment-StudentVersion" */ = {
			isa = XCConfigurationList;
			buildConfigurations = (
				545F2AC31FEC2752007EBECB /* Debug */,
				545F2AC41FEC2752007EBECB /* Release */,
			);
			defaultConfigurationIsVisible = 0;
			defaultConfigurationName = Release;
		};
/* End XCConfigurationList section */
	};
	rootObject = 545F2AA81FEC2752007EBECB /* Project object */;
}
